<?xml version="1.0" encoding="utf-8"?>
<Project ToolsVersion="4.0" xmlns="http://schemas.microsoft.com/developer/msbuild/2003">
  <ItemGroup>
    <ClCompile Include="mainfunction.cpp" />
    <ClCompile Include="Demo1Main.cpp">
      <Filter>Demos</Filter>
    </ClCompile>
    <ClCompile Include="Demo2Main.cpp">
      <Filter>Demos</Filter>
    </ClCompile>
    <ClCompile Include="Demo2Object.cpp">
      <Filter>Demos</Filter>
    </ClCompile>
    <ClCompile Include="Demo2TileManager.cpp">
      <Filter>Demos</Filter>
    </ClCompile>
    <ClCompile Include="Demo3Main.cpp">
      <Filter>Demos</Filter>
    </ClCompile>
    <ClCompile Include="Demo3Object.cpp">
      <Filter>Demos</Filter>
    </ClCompile>
    <ClCompile Include="Demo3ObjectFinished.cpp">
      <Filter>Demos</Filter>
    </ClCompile>
    <ClCompile Include="Demo3TileManager.cpp">
      <Filter>Demos</Filter>
    </ClCompile>
    <ClCompile Include="Demo4Main.cpp">
      <Filter>Demos</Filter>
    </ClCompile>
    <ClCompile Include="Demo4Object.cpp">
      <Filter>Demos</Filter>
    </ClCompile>
    <ClCompile Include="Demo4TileManager.cpp">
      <Filter>Demos</Filter>
    </ClCompile>
    <ClCompile Include="SimpleDemo.cpp">
      <Filter>Demos</Filter>
    </ClCompile>
    <ClCompile Include="BouncingBall.cpp">
      <Filter>Demos</Filter>
    </ClCompile>
    <ClCompile Include="BouncingBallMain.cpp">
      <Filter>Demos</Filter>
    </ClCompile>
    <ClCompile Include="BaseEngine.cpp">
      <Filter>Shared</Filter>
    </ClCompile>
    <ClCompile Include="DisplayableObject.cpp">
      <Filter>Shared</Filter>
    </ClCompile>
    <ClCompile Include="FontManager.cpp">
      <Filter>Shared</Filter>
    </ClCompile>
    <ClCompile Include="JPGImage.cpp">
      <Filter>Shared</Filter>
    </ClCompile>
    <ClCompile Include="TileManager.cpp">
      <Filter>Shared</Filter>
    </ClCompile>
    <ClCompile Include="DemoAMain.cpp" />
    <ClCompile Include="DemoBObject.cpp" />
    <ClCompile Include="Psyhy4Engine.cpp" />
    <ClCompile Include="Psyhy4TileManager.cpp" />
    <ClCompile Include="Psyhy4UserControlObject.cpp" />
    <ClCompile Include="Psyhy4AutoMoveObject.cpp" />
    <ClCompile Include="Psyhy4CW4Engine.cpp" />
    <ClCompile Include="Enemy.cpp" />
    <ClCompile Include="Player.cpp" />
    <ClCompile Include="Aircraft.cpp" />
    <ClCompile Include="PlayerProjectile.cpp" />
    <ClCompile Include="Projectile.cpp" />
    <ClCompile Include="EnemyProjectile.cpp" />
    <ClCompile Include="ProjectileHandler.cpp" />
    <ClCompile Include="Psyhy4CW4TileManager.cpp" />
    <ClCompile Include="Psyhy4CW4Background.cpp" />
    <ClCompile Include="EnemyHandler.cpp" />
    <ClCompile Include="FileHandler.cpp" />
    <ClCompile Include="InputHandler.cpp" />
  </ItemGroup>
  <ItemGroup>
    <ClInclude Include="Demo1Main.h">
      <Filter>Demos</Filter>
    </ClInclude>
    <ClInclude Include="Demo2Main.h">
      <Filter>Demos</Filter>
    </ClInclude>
    <ClInclude Include="Demo2Object.h">
      <Filter>Demos</Filter>
    </ClInclude>
    <ClInclude Include="Demo2TileManager.h">
      <Filter>Demos</Filter>
    </ClInclude>
    <ClInclude Include="Demo3Main.h">
      <Filter>Demos</Filter>
    </ClInclude>
    <ClInclude Include="Demo3Object.h">
      <Filter>Demos</Filter>
    </ClInclude>
    <ClInclude Include="Demo3ObjectFinished.h">
      <Filter>Demos</Filter>
    </ClInclude>
    <ClInclude Include="Demo3TileManager.h">
      <Filter>Demos</Filter>
    </ClInclude>
    <ClInclude Include="Demo4Main.h">
      <Filter>Demos</Filter>
    </ClInclude>
    <ClInclude Include="Demo4Object.h">
      <Filter>Demos</Filter>
    </ClInclude>
    <ClInclude Include="Demo4TileManager.h">
      <Filter>Demos</Filter>
    </ClInclude>
    <ClInclude Include="SimpleDemo.h">
      <Filter>Demos</Filter>
    </ClInclude>
    <ClInclude Include="BouncingBall.h">
      <Filter>Demos</Filter>
    </ClInclude>
    <ClInclude Include="BouncingBallMain.h">
      <Filter>Demos</Filter>
    </ClInclude>
    <ClInclude Include="BaseEngine.h">
      <Filter>Shared</Filter>
    </ClInclude>
    <ClInclude Include="DisplayableObject.h">
      <Filter>Shared</Filter>
    </ClInclude>
    <ClInclude Include="FontManager.h">
      <Filter>Shared</Filter>
    </ClInclude>
    <ClInclude Include="header.h">
      <Filter>Shared</Filter>
    </ClInclude>
    <ClInclude Include="JPGImage.h">
      <Filter>Shared</Filter>
    </ClInclude>
    <ClInclude Include="MovementPosition.h">
      <Filter>Shared</Filter>
    </ClInclude>
    <ClInclude Include="templates.h">
      <Filter>Shared</Filter>
    </ClInclude>
    <ClInclude Include="TileManager.h">
      <Filter>Shared</Filter>
    </ClInclude>
    <ClInclude Include="DemoAMain.h" />
    <ClInclude Include="DemoBObject.h" />
    <ClInclude Include="Psyhy4Engine.h" />
    <ClInclude Include="Psyhy4TileManager.h" />
    <ClInclude Include="Psyhy4UserControlObject.h" />
    <ClInclude Include="Psyhy4AutoMoveObject.h" />
    <ClInclude Include="Psyhy4CW4Engine.h" />
    <ClInclude Include="Enemy.h" />
    <ClInclude Include="Player.h" />
    <ClInclude Include="Aircraft.h" />
    <ClInclude Include="PlayerProjectile.h" />
    <ClInclude Include="Projectile.h" />
    <ClInclude Include="EnemyProjectile.h" />
    <ClInclude Include="ProjectileHandler.h" />
    <ClInclude Include="Psyhy4CW4TileManager.h" />
    <ClInclude Include="Psyhy4CW4Background.h" />
    <ClInclude Include="EnemyHandler.h" />
    <ClInclude Include="FileHandler.h" />
    <ClInclude Include="InputHandler.h" />
  </ItemGroup>
  <ItemGroup>
    <Filter Include="Demos">
      <UniqueIdentifier>{113d49f7-9145-4085-956d-d7e0c2a10f9a}</UniqueIdentifier>
    </Filter>
    <Filter Include="Shared">
      <UniqueIdentifier>{6c9ed7f2-52f2-4940-a5ae-935de62ca045}</UniqueIdentifier>
    </Filter>
  </ItemGroup>
</Project>